<Solution>
  <Configurations>
    <Platform Name="ARM64" />
    <Platform Name="x64" />
    <Platform Name="x86" />
  </Configurations>
  <Project Path="BluetoothLibrary/BluetoothLibrary.csproj" Id="35c61e5a-7005-4fbc-8153-42e3bba1f355" />
  <Project Path="CommonLibrary/CommonLibrary.csproj" Id="275ff1d6-a504-4928-90a2-e33580378cae" />
  <Project Path="GameControllerSimulator/GameControllerSimulator.csproj">
    <Platform Solution="*|ARM64" Project="ARM64" />
    <Platform Solution="*|x64" Project="x64" />
    <Platform Solution="*|x86" Project="x86" />
    <Deploy />
  </Project>
  <Project Path="ViGEmBusLibrary/ViGEmBusLibrary.csproj" Id="6cd5dc52-d488-43be-a30b-666824a4d5db" />
</Solution>
